// !$*UTF8*$!
{
	archiveVersion = 1;
	classes = {
	};
	objectVersion = 52;
	objects = {

/* Begin PBXBuildFile section */
		3425AD9F26BD69B400881831 /* AppDelegate.swift in Sources */ = {isa = PBXBuildFile; fileRef = 3425AD9E26BD69B400881831 /* AppDelegate.swift */; };
		3425ADA126BD69B400881831 /* SceneDelegate.swift in Sources */ = {isa = PBXBuildFile; fileRef = 3425ADA026BD69B400881831 /* SceneDelegate.swift */; };
		3425ADA326BD69B400881831 /* HomeViewController.swift in Sources */ = {isa = PBXBuildFile; fileRef = 3425ADA226BD69B400881831 /* HomeViewController.swift */; };
		3425ADA826BD69B800881831 /* Assets.xcassets in Resources */ = {isa = PBXBuildFile; fileRef = 3425ADA726BD69B800881831 /* Assets.xcassets */; };
		3425ADAB26BD69B800881831 /* LaunchScreen.storyboard in Resources */ = {isa = PBXBuildFile; fileRef = 3425ADA926BD69B800881831 /* LaunchScreen.storyboard */; };
		3425ADB626BD69B800881831 /* MatchingAppTests.swift in Sources */ = {isa = PBXBuildFile; fileRef = 3425ADB526BD69B800881831 /* MatchingAppTests.swift */; };
		3425ADC126BD69B800881831 /* MatchingAppUITests.swift in Sources */ = {isa = PBXBuildFile; fileRef = 3425ADC026BD69B800881831 /* MatchingAppUITests.swift */; };
		34561E8226BD74A10000B9B7 /* BottomControllerView.swift in Sources */ = {isa = PBXBuildFile; fileRef = 34561E8126BD74A10000B9B7 /* BottomControllerView.swift */; };
		34561E9126BE5EE90000B9B7 /* UIImage-Extension.swift in Sources */ = {isa = PBXBuildFile; fileRef = 34561E9026BE5EE90000B9B7 /* UIImage-Extension.swift */; };
		34561E9926BEAEF20000B9B7 /* TopControlView.swift in Sources */ = {isa = PBXBuildFile; fileRef = 34561E9826BEAEF20000B9B7 /* TopControlView.swift */; };
		34561E9F26BF5D690000B9B7 /* RxSwift in Frameworks */ = {isa = PBXBuildFile; productRef = 34561E9E26BF5D690000B9B7 /* RxSwift */; };
		34561EA126BF5D690000B9B7 /* RxCocoa in Frameworks */ = {isa = PBXBuildFile; productRef = 34561EA026BF5D690000B9B7 /* RxCocoa */; };
		34561EA326BF5D690000B9B7 /* RxRelay in Frameworks */ = {isa = PBXBuildFile; productRef = 34561EA226BF5D690000B9B7 /* RxRelay */; };
/* End PBXBuildFile section */

/* Begin PBXContainerItemProxy section */
		3425ADB226BD69B800881831 /* PBXContainerItemProxy */ = {
			isa = PBXContainerItemProxy;
			containerPortal = 3425AD9326BD69B400881831 /* Project object */;
			proxyType = 1;
			remoteGlobalIDString = 3425AD9A26BD69B400881831;
			remoteInfo = MatchingApp;
		};
		3425ADBD26BD69B800881831 /* PBXContainerItemProxy */ = {
			isa = PBXContainerItemProxy;
			containerPortal = 3425AD9326BD69B400881831 /* Project object */;
			proxyType = 1;
			remoteGlobalIDString = 3425AD9A26BD69B400881831;
			remoteInfo = MatchingApp;
		};
/* End PBXContainerItemProxy section */

/* Begin PBXFileReference section */
		3425AD9B26BD69B400881831 /* MatchingApp.app */ = {isa = PBXFileReference; explicitFileType = wrapper.application; includeInIndex = 0; path = MatchingApp.app; sourceTree = BUILT_PRODUCTS_DIR; };
		3425AD9E26BD69B400881831 /* AppDelegate.swift */ = {isa = PBXFileReference; lastKnownFileType = sourcecode.swift; path = AppDelegate.swift; sourceTree = "<group>"; };
		3425ADA026BD69B400881831 /* SceneDelegate.swift */ = {isa = PBXFileReference; lastKnownFileType = sourcecode.swift; path = SceneDelegate.swift; sourceTree = "<group>"; };
		3425ADA226BD69B400881831 /* HomeViewController.swift */ = {isa = PBXFileReference; lastKnownFileType = sourcecode.swift; path = HomeViewController.swift; sourceTree = "<group>"; };
		3425ADA726BD69B800881831 /* Assets.xcassets */ = {isa = PBXFileReference; lastKnownFileType = folder.assetcatalog; path = Assets.xcassets; sourceTree = "<group>"; };
		3425ADAA26BD69B800881831 /* Base */ = {isa = PBXFileReference; lastKnownFileType = file.storyboard; name = Base; path = Base.lproj/LaunchScreen.storyboard; sourceTree = "<group>"; };
		3425ADAC26BD69B800881831 /* Info.plist */ = {isa = PBXFileReference; lastKnownFileType = text.plist.xml; path = Info.plist; sourceTree = "<group>"; };
		3425ADB126BD69B800881831 /* MatchingAppTests.xctest */ = {isa = PBXFileReference; explicitFileType = wrapper.cfbundle; includeInIndex = 0; path = MatchingAppTests.xctest; sourceTree = BUILT_PRODUCTS_DIR; };
		3425ADB526BD69B800881831 /* MatchingAppTests.swift */ = {isa = PBXFileReference; lastKnownFileType = sourcecode.swift; path = MatchingAppTests.swift; sourceTree = "<group>"; };
		3425ADB726BD69B800881831 /* Info.plist */ = {isa = PBXFileReference; lastKnownFileType = text.plist.xml; path = Info.plist; sourceTree = "<group>"; };
		3425ADBC26BD69B800881831 /* MatchingAppUITests.xctest */ = {isa = PBXFileReference; explicitFileType = wrapper.cfbundle; includeInIndex = 0; path = MatchingAppUITests.xctest; sourceTree = BUILT_PRODUCTS_DIR; };
		3425ADC026BD69B800881831 /* MatchingAppUITests.swift */ = {isa = PBXFileReference; lastKnownFileType = sourcecode.swift; path = MatchingAppUITests.swift; sourceTree = "<group>"; };
		3425ADC226BD69B800881831 /* Info.plist */ = {isa = PBXFileReference; lastKnownFileType = text.plist.xml; path = Info.plist; sourceTree = "<group>"; };
		34561E8126BD74A10000B9B7 /* BottomControllerView.swift */ = {isa = PBXFileReference; lastKnownFileType = sourcecode.swift; path = BottomControllerView.swift; sourceTree = "<group>"; };
		34561E9026BE5EE90000B9B7 /* UIImage-Extension.swift */ = {isa = PBXFileReference; lastKnownFileType = sourcecode.swift; path = "UIImage-Extension.swift"; sourceTree = "<group>"; };
		34561E9826BEAEF20000B9B7 /* TopControlView.swift */ = {isa = PBXFileReference; lastKnownFileType = sourcecode.swift; path = TopControlView.swift; sourceTree = "<group>"; };
/* End PBXFileReference section */

/* Begin PBXFrameworksBuildPhase section */
		3425AD9826BD69B400881831 /* Frameworks */ = {
			isa = PBXFrameworksBuildPhase;
			buildActionMask = 2147483647;
			files = (
				34561EA326BF5D690000B9B7 /* RxRelay in Frameworks */,
				34561EA126BF5D690000B9B7 /* RxCocoa in Frameworks */,
				34561E9F26BF5D690000B9B7 /* RxSwift in Frameworks */,
			);
			runOnlyForDeploymentPostprocessing = 0;
		};
		3425ADAE26BD69B800881831 /* Frameworks */ = {
			isa = PBXFrameworksBuildPhase;
			buildActionMask = 2147483647;
			files = (
			);
			runOnlyForDeploymentPostprocessing = 0;
		};
		3425ADB926BD69B800881831 /* Frameworks */ = {
			isa = PBXFrameworksBuildPhase;
			buildActionMask = 2147483647;
			files = (
			);
			runOnlyForDeploymentPostprocessing = 0;
		};
/* End PBXFrameworksBuildPhase section */

/* Begin PBXGroup section */
		3425AD9226BD69B400881831 = {
			isa = PBXGroup;
			children = (
				3425AD9D26BD69B400881831 /* MatchingApp */,
				3425ADB426BD69B800881831 /* MatchingAppTests */,
				3425ADBF26BD69B800881831 /* MatchingAppUITests */,
				3425AD9C26BD69B400881831 /* Products */,
			);
			sourceTree = "<group>";
		};
		3425AD9C26BD69B400881831 /* Products */ = {
			isa = PBXGroup;
			children = (
				3425AD9B26BD69B400881831 /* MatchingApp.app */,
				3425ADB126BD69B800881831 /* MatchingAppTests.xctest */,
				3425ADBC26BD69B800881831 /* MatchingAppUITests.xctest */,
			);
			name = Products;
			sourceTree = "<group>";
		};
		3425AD9D26BD69B400881831 /* MatchingApp */ = {
			isa = PBXGroup;
			children = (
				34561E8F26BE5E980000B9B7 /* Extensions */,
				34561E8026BD747C0000B9B7 /* Views */,
				34561E7F26BD744A0000B9B7 /* ViewControllers */,
				3425AD9E26BD69B400881831 /* AppDelegate.swift */,
				3425ADA026BD69B400881831 /* SceneDelegate.swift */,
				3425ADA726BD69B800881831 /* Assets.xcassets */,
				3425ADA926BD69B800881831 /* LaunchScreen.storyboard */,
				3425ADAC26BD69B800881831 /* Info.plist */,
			);
			path = MatchingApp;
			sourceTree = "<group>";
		};
		3425ADB426BD69B800881831 /* MatchingAppTests */ = {
			isa = PBXGroup;
			children = (
				3425ADB526BD69B800881831 /* MatchingAppTests.swift */,
				3425ADB726BD69B800881831 /* Info.plist */,
			);
			path = MatchingAppTests;
			sourceTree = "<group>";
		};
		3425ADBF26BD69B800881831 /* MatchingAppUITests */ = {
			isa = PBXGroup;
			children = (
				3425ADC026BD69B800881831 /* MatchingAppUITests.swift */,
				3425ADC226BD69B800881831 /* Info.plist */,
			);
			path = MatchingAppUITests;
			sourceTree = "<group>";
		};
		34561E7F26BD744A0000B9B7 /* ViewControllers */ = {
			isa = PBXGroup;
			children = (
				3425ADA226BD69B400881831 /* HomeViewController.swift */,
			);
			path = ViewControllers;
			sourceTree = "<group>";
		};
		34561E8026BD747C0000B9B7 /* Views */ = {
			isa = PBXGroup;
			children = (
				34561E8126BD74A10000B9B7 /* BottomControllerView.swift */,
				34561E9826BEAEF20000B9B7 /* TopControlView.swift */,
			);
			path = Views;
			sourceTree = "<group>";
		};
		34561E8F26BE5E980000B9B7 /* Extensions */ = {
			isa = PBXGroup;
			children = (
				34561E9026BE5EE90000B9B7 /* UIImage-Extension.swift */,
			);
			path = Extensions;
			sourceTree = "<group>";
		};
/* End PBXGroup section */

/* Begin PBXNativeTarget section */
		3425AD9A26BD69B400881831 /* MatchingApp */ = {
			isa = PBXNativeTarget;
			buildConfigurationList = 3425ADC526BD69B800881831 /* Build configuration list for PBXNativeTarget "MatchingApp" */;
			buildPhases = (
				3425AD9726BD69B400881831 /* Sources */,
				3425AD9826BD69B400881831 /* Frameworks */,
				3425AD9926BD69B400881831 /* Resources */,
			);
			buildRules = (
			);
			dependencies = (
			);
			name = MatchingApp;
			packageProductDependencies = (
				34561E9E26BF5D690000B9B7 /* RxSwift */,
				34561EA026BF5D690000B9B7 /* RxCocoa */,
				34561EA226BF5D690000B9B7 /* RxRelay */,
			);
			productName = MatchingApp;
			productReference = 3425AD9B26BD69B400881831 /* MatchingApp.app */;
			productType = "com.apple.product-type.application";
		};
		3425ADB026BD69B800881831 /* MatchingAppTests */ = {
			isa = PBXNativeTarget;
			buildConfigurationList = 3425ADC826BD69B800881831 /* Build configuration list for PBXNativeTarget "MatchingAppTests" */;
			buildPhases = (
				3425ADAD26BD69B800881831 /* Sources */,
				3425ADAE26BD69B800881831 /* Frameworks */,
				3425ADAF26BD69B800881831 /* Resources */,
			);
			buildRules = (
			);
			dependencies = (
				3425ADB326BD69B800881831 /* PBXTargetDependency */,
			);
			name = MatchingAppTests;
			productName = MatchingAppTests;
			productReference = 3425ADB126BD69B800881831 /* MatchingAppTests.xctest */;
			productType = "com.apple.product-type.bundle.unit-test";
		};
		3425ADBB26BD69B800881831 /* MatchingAppUITests */ = {
			isa = PBXNativeTarget;
			buildConfigurationList = 3425ADCB26BD69B800881831 /* Build configuration list for PBXNativeTarget "MatchingAppUITests" */;
			buildPhases = (
				3425ADB826BD69B800881831 /* Sources */,
				3425ADB926BD69B800881831 /* Frameworks */,
				3425ADBA26BD69B800881831 /* Resources */,
			);
			buildRules = (
			);
			dependencies = (
				3425ADBE26BD69B800881831 /* PBXTargetDependency */,
			);
			name = MatchingAppUITests;
			productName = MatchingAppUITests;
			productReference = 3425ADBC26BD69B800881831 /* MatchingAppUITests.xctest */;
			productType = "com.apple.product-type.bundle.ui-testing";
		};
/* End PBXNativeTarget section */

/* Begin PBXProject section */
		3425AD9326BD69B400881831 /* Project object */ = {
			isa = PBXProject;
			attributes = {
				LastSwiftUpdateCheck = 1240;
				LastUpgradeCheck = 1240;
				TargetAttributes = {
					3425AD9A26BD69B400881831 = {
						CreatedOnToolsVersion = 12.4;
					};
					3425ADB026BD69B800881831 = {
						CreatedOnToolsVersion = 12.4;
						TestTargetID = 3425AD9A26BD69B400881831;
					};
					3425ADBB26BD69B800881831 = {
						CreatedOnToolsVersion = 12.4;
						TestTargetID = 3425AD9A26BD69B400881831;
					};
				};
			};
			buildConfigurationList = 3425AD9626BD69B400881831 /* Build configuration list for PBXProject "MatchingApp" */;
			compatibilityVersion = "Xcode 9.3";
			developmentRegion = en;
			hasScannedForEncodings = 0;
			knownRegions = (
				en,
				Base,
			);
			mainGroup = 3425AD9226BD69B400881831;
			packageReferences = (
				34561E9D26BF5D690000B9B7 /* XCRemoteSwiftPackageReference "RxSwift" */,
			);
			productRefGroup = 3425AD9C26BD69B400881831 /* Products */;
			projectDirPath = "";
			projectRoot = "";
			targets = (
				3425AD9A26BD69B400881831 /* MatchingApp */,
				3425ADB026BD69B800881831 /* MatchingAppTests */,
				3425ADBB26BD69B800881831 /* MatchingAppUITests */,
			);
		};
/* End PBXProject section */

/* Begin PBXResourcesBuildPhase section */
		3425AD9926BD69B400881831 /* Resources */ = {
			isa = PBXResourcesBuildPhase;
			buildActionMask = 2147483647;
			files = (
				3425ADAB26BD69B800881831 /* LaunchScreen.storyboard in Resources */,
				3425ADA826BD69B800881831 /* Assets.xcassets in Resources */,
			);
			runOnlyForDeploymentPostprocessing = 0;
		};
		3425ADAF26BD69B800881831 /* Resources */ = {
			isa = PBXResourcesBuildPhase;
			buildActionMask = 2147483647;
			files = (
			);
			runOnlyForDeploymentPostprocessing = 0;
		};
		3425ADBA26BD69B800881831 /* Resources */ = {
			isa = PBXResourcesBuildPhase;
			buildActionMask = 2147483647;
			files = (
			);
			runOnlyForDeploymentPostprocessing = 0;
		};
/* End PBXResourcesBuildPhase section */

/* Begin PBXSourcesBuildPhase section */
		3425AD9726BD69B400881831 /* Sources */ = {
			isa = PBXSourcesBuildPhase;
			buildActionMask = 2147483647;
			files = (
				34561E9926BEAEF20000B9B7 /* TopControlView.swift in Sources */,
				3425ADA326BD69B400881831 /* HomeViewController.swift in Sources */,
				34561E8226BD74A10000B9B7 /* BottomControllerView.swift in Sources */,
				3425AD9F26BD69B400881831 /* AppDelegate.swift in Sources */,
				3425ADA126BD69B400881831 /* SceneDelegate.swift in Sources */,
				34561E9126BE5EE90000B9B7 /* UIImage-Extension.swift in Sources */,
			);
			runOnlyForDeploymentPostprocessing = 0;
		};
		3425ADAD26BD69B800881831 /* Sources */ = {
			isa = PBXSourcesBuildPhase;
			buildActionMask = 2147483647;
			files = (
				3425ADB626BD69B800881831 /* MatchingAppTests.swift in Sources */,
			);
			runOnlyForDeploymentPostprocessing = 0;
		};
		3425ADB826BD69B800881831 /* Sources */ = {
			isa = PBXSourcesBuildPhase;
			buildActionMask = 2147483647;
			files = (
				3425ADC126BD69B800881831 /* MatchingAppUITests.swift in Sources */,
			);
			runOnlyForDeploymentPostprocessing = 0;
		};
/* End PBXSourcesBuildPhase section */

/* Begin PBXTargetDependency section */
		3425ADB326BD69B800881831 /* PBXTargetDependency */ = {
			isa = PBXTargetDependency;
			target = 3425AD9A26BD69B400881831 /* MatchingApp */;
			targetProxy = 3425ADB226BD69B800881831 /* PBXContainerItemProxy */;
		};
		3425ADBE26BD69B800881831 /* PBXTargetDependency */ = {
			isa = PBXTargetDependency;
			target = 3425AD9A26BD69B400881831 /* MatchingApp */;
			targetProxy = 3425ADBD26BD69B800881831 /* PBXContainerItemProxy */;
		};
/* End PBXTargetDependency section */

/* Begin PBXVariantGroup section */
		3425ADA926BD69B800881831 /* LaunchScreen.storyboard */ = {
			isa = PBXVariantGroup;
			children = (
				3425ADAA26BD69B800881831 /* Base */,
			);
			name = LaunchScreen.storyboard;
			sourceTree = "<group>";
		};
/* End PBXVariantGroup section */

/* Begin XCBuildConfiguration section */
		3425ADC326BD69B800881831 /* Debug */ = {
			isa = XCBuildConfiguration;
			buildSettings = {
				ALWAYS_SEARCH_USER_PATHS = NO;
				CLANG_ANALYZER_NONNULL = YES;
				CLANG_ANALYZER_NUMBER_OBJECT_CONVERSION = YES_AGGRESSIVE;
				CLANG_CXX_LANGUAGE_STANDARD = "gnu++14";
				CLANG_CXX_LIBRARY = "libc++";
				CLANG_ENABLE_MODULES = YES;
				CLANG_ENABLE_OBJC_ARC = YES;
				CLANG_ENABLE_OBJC_WEAK = YES;
				CLANG_WARN_BLOCK_CAPTURE_AUTORELEASING = YES;
				CLANG_WARN_BOOL_CONVERSION = YES;
				CLANG_WARN_COMMA = YES;
				CLANG_WARN_CONSTANT_CONVERSION = YES;
				CLANG_WARN_DEPRECATED_OBJC_IMPLEMENTATIONS = YES;
				CLANG_WARN_DIRECT_OBJC_ISA_USAGE = YES_ERROR;
				CLANG_WARN_DOCUMENTATION_COMMENTS = YES;
				CLANG_WARN_EMPTY_BODY = YES;
				CLANG_WARN_ENUM_CONVERSION = YES;
				CLANG_WARN_INFINITE_RECURSION = YES;
				CLANG_WARN_INT_CONVERSION = YES;
				CLANG_WARN_NON_LITERAL_NULL_CONVERSION = YES;
				CLANG_WARN_OBJC_IMPLICIT_RETAIN_SELF = YES;
				CLANG_WARN_OBJC_LITERAL_CONVERSION = YES;
				CLANG_WARN_OBJC_ROOT_CLASS = YES_ERROR;
				CLANG_WARN_QUOTED_INCLUDE_IN_FRAMEWORK_HEADER = YES;
				CLANG_WARN_RANGE_LOOP_ANALYSIS = YES;
				CLANG_WARN_STRICT_PROTOTYPES = YES;
				CLANG_WARN_SUSPICIOUS_MOVE = YES;
				CLANG_WARN_UNGUARDED_AVAILABILITY = YES_AGGRESSIVE;
				CLANG_WARN_UNREACHABLE_CODE = YES;
				CLANG_WARN__DUPLICATE_METHOD_MATCH = YES;
				COPY_PHASE_STRIP = NO;
				DEBUG_INFORMATION_FORMAT = dwarf;
				ENABLE_STRICT_OBJC_MSGSEND = YES;
				ENABLE_TESTABILITY = YES;
				GCC_C_LANGUAGE_STANDARD = gnu11;
				GCC_DYNAMIC_NO_PIC = NO;
				GCC_NO_COMMON_BLOCKS = YES;
				GCC_OPTIMIZATION_LEVEL = 0;
				GCC_PREPROCESSOR_DEFINITIONS = (
					"DEBUG=1",
					"$(inherited)",
				);
				GCC_WARN_64_TO_32_BIT_CONVERSION = YES;
				GCC_WARN_ABOUT_RETURN_TYPE = YES_ERROR;
				GCC_WARN_UNDECLARED_SELECTOR = YES;
				GCC_WARN_UNINITIALIZED_AUTOS = YES_AGGRESSIVE;
				GCC_WARN_UNUSED_FUNCTION = YES;
				GCC_WARN_UNUSED_VARIABLE = YES;
				IPHONEOS_DEPLOYMENT_TARGET = 14.4;
				MTL_ENABLE_DEBUG_INFO = INCLUDE_SOURCE;
				MTL_FAST_MATH = YES;
				ONLY_ACTIVE_ARCH = YES;
				SDKROOT = iphoneos;
				SWIFT_ACTIVE_COMPILATION_CONDITIONS = DEBUG;
				SWIFT_OPTIMIZATION_LEVEL = "-Onone";
			};
			name = Debug;
		};
		3425ADC426BD69B800881831 /* Release */ = {
			isa = XCBuildConfiguration;
			buildSettings = {
				ALWAYS_SEARCH_USER_PATHS = NO;
				CLANG_ANALYZER_NONNULL = YES;
				CLANG_ANALYZER_NUMBER_OBJECT_CONVERSION = YES_AGGRESSIVE;
				CLANG_CXX_LANGUAGE_STANDARD = "gnu++14";
				CLANG_CXX_LIBRARY = "libc++";
				CLANG_ENABLE_MODULES = YES;
				CLANG_ENABLE_OBJC_ARC = YES;
				CLANG_ENABLE_OBJC_WEAK = YES;
				CLANG_WARN_BLOCK_CAPTURE_AUTORELEASING = YES;
				CLANG_WARN_BOOL_CONVERSION = YES;
				CLANG_WARN_COMMA = YES;
				CLANG_WARN_CONSTANT_CONVERSION = YES;
				CLANG_WARN_DEPRECATED_OBJC_IMPLEMENTATIONS = YES;
				CLANG_WARN_DIRECT_OBJC_ISA_USAGE = YES_ERROR;
				CLANG_WARN_DOCUMENTATION_COMMENTS = YES;
				CLANG_WARN_EMPTY_BODY = YES;
				CLANG_WARN_ENUM_CONVERSION = YES;
				CLANG_WARN_INFINITE_RECURSION = YES;
				CLANG_WARN_INT_CONVERSION = YES;
				CLANG_WARN_NON_LITERAL_NULL_CONVERSION = YES;
				CLANG_WARN_OBJC_IMPLICIT_RETAIN_SELF = YES;
				CLANG_WARN_OBJC_LITERAL_CONVERSION = YES;
				CLANG_WARN_OBJC_ROOT_CLASS = YES_ERROR;
				CLANG_WARN_QUOTED_INCLUDE_IN_FRAMEWORK_HEADER = YES;
				CLANG_WARN_RANGE_LOOP_ANALYSIS = YES;
				CLANG_WARN_STRICT_PROTOTYPES = YES;
				CLANG_WARN_SUSPICIOUS_MOVE = YES;
				CLANG_WARN_UNGUARDED_AVAILABILITY = YES_AGGRESSIVE;
				CLANG_WARN_UNREACHABLE_CODE = YES;
				CLANG_WARN__DUPLICATE_METHOD_MATCH = YES;
				COPY_PHASE_STRIP = NO;
				DEBUG_INFORMATION_FORMAT = "dwarf-with-dsym";
				ENABLE_NS_ASSERTIONS = NO;
				ENABLE_STRICT_OBJC_MSGSEND = YES;
				GCC_C_LANGUAGE_STANDARD = gnu11;
				GCC_NO_COMMON_BLOCKS = YES;
				GCC_WARN_64_TO_32_BIT_CONVERSION = YES;
				GCC_WARN_ABOUT_RETURN_TYPE = YES_ERROR;
				GCC_WARN_UNDECLARED_SELECTOR = YES;
				GCC_WARN_UNINITIALIZED_AUTOS = YES_AGGRESSIVE;
				GCC_WARN_UNUSED_FUNCTION = YES;
				GCC_WARN_UNUSED_VARIABLE = YES;
				IPHONEOS_DEPLOYMENT_TARGET = 14.4;
				MTL_ENABLE_DEBUG_INFO = NO;
				MTL_FAST_MATH = YES;
				SDKROOT = iphoneos;
				SWIFT_COMPILATION_MODE = wholemodule;
				SWIFT_OPTIMIZATION_LEVEL = "-O";
				VALIDATE_PRODUCT = YES;
			};
			name = Release;
		};
		3425ADC626BD69B800881831 /* Debug */ = {
			isa = XCBuildConfiguration;
			buildSettings = {
				ASSETCATALOG_COMPILER_APPICON_NAME = AppIcon;
				ASSETCATALOG_COMPILER_GLOBAL_ACCENT_COLOR_NAME = AccentColor;
				CODE_SIGN_STYLE = Automatic;
				INFOPLIST_FILE = MatchingApp/Info.plist;
				LD_RUNPATH_SEARCH_PATHS = (
					"$(inherited)",
					"@executable_path/Frameworks",
				);
				PRODUCT_BUNDLE_IDENTIFIER = kaishi.MatchingApp;
				PRODUCT_NAME = "$(TARGET_NAME)";
				SWIFT_VERSION = 5.0;
				TARGETED_DEVICE_FAMILY = "1,2";
			};
			name = Debug;
		};
		3425ADC726BD69B800881831 /* Release */ = {
			isa = XCBuildConfiguration;
			buildSettings = {
				ASSETCATALOG_COMPILER_APPICON_NAME = AppIcon;
				ASSETCATALOG_COMPILER_GLOBAL_ACCENT_COLOR_NAME = AccentColor;
				CODE_SIGN_STYLE = Automatic;
				INFOPLIST_FILE = MatchingApp/Info.plist;
				LD_RUNPATH_SEARCH_PATHS = (
					"$(inherited)",
					"@executable_path/Frameworks",
				);
				PRODUCT_BUNDLE_IDENTIFIER = kaishi.MatchingApp;
				PRODUCT_NAME = "$(TARGET_NAME)";
				SWIFT_VERSION = 5.0;
				TARGETED_DEVICE_FAMILY = "1,2";
			};
			name = Release;
		};
		3425ADC926BD69B800881831 /* Debug */ = {
			isa = XCBuildConfiguration;
			buildSettings = {
				ALWAYS_EMBED_SWIFT_STANDARD_LIBRARIES = YES;
				BUNDLE_LOADER = "$(TEST_HOST)";
				CODE_SIGN_STYLE = Automatic;
				INFOPLIST_FILE = MatchingAppTests/Info.plist;
				IPHONEOS_DEPLOYMENT_TARGET = 14.4;
				LD_RUNPATH_SEARCH_PATHS = (
					"$(inherited)",
					"@executable_path/Frameworks",
					"@loader_path/Frameworks",
				);
				PRODUCT_BUNDLE_IDENTIFIER = kaishi.MatchingAppTests;
				PRODUCT_NAME = "$(TARGET_NAME)";
				SWIFT_VERSION = 5.0;
				TARGETED_DEVICE_FAMILY = "1,2";
				TEST_HOST = "$(BUILT_PRODUCTS_DIR)/MatchingApp.app/MatchingApp";
			};
			name = Debug;
		};
		3425ADCA26BD69B800881831 /* Release */ = {
			isa = XCBuildConfiguration;
			buildSettings = {
				ALWAYS_EMBED_SWIFT_STANDARD_LIBRARIES = YES;
				BUNDLE_LOADER = "$(TEST_HOST)";
				CODE_SIGN_STYLE = Automatic;
				INFOPLIST_FILE = MatchingAppTests/Info.plist;
				IPHONEOS_DEPLOYMENT_TARGET = 14.4;
				LD_RUNPATH_SEARCH_PATHS = (
					"$(inherited)",
					"@executable_path/Frameworks",
					"@loader_path/Frameworks",
				);
				PRODUCT_BUNDLE_IDENTIFIER = kaishi.MatchingAppTests;
				PRODUCT_NAME = "$(TARGET_NAME)";
				SWIFT_VERSION = 5.0;
				TARGETED_DEVICE_FAMILY = "1,2";
				TEST_HOST = "$(BUILT_PRODUCTS_DIR)/MatchingApp.app/MatchingApp";
			};
			name = Release;
		};
		3425ADCC26BD69B800881831 /* Debug */ = {
			isa = XCBuildConfiguration;
			buildSettings = {
				ALWAYS_EMBED_SWIFT_STANDARD_LIBRARIES = YES;
				CODE_SIGN_STYLE = Automatic;
				INFOPLIST_FILE = MatchingAppUITests/Info.plist;
				LD_RUNPATH_SEARCH_PATHS = (
					"$(inherited)",
					"@executable_path/Frameworks",
					"@loader_path/Frameworks",
				);
				PRODUCT_BUNDLE_IDENTIFIER = kaishi.MatchingAppUITests;
				PRODUCT_NAME = "$(TARGET_NAME)";
				SWIFT_VERSION = 5.0;
				TARGETED_DEVICE_FAMILY = "1,2";
				TEST_TARGET_NAME = MatchingApp;
			};
			name = Debug;
		};
		3425ADCD26BD69B800881831 /* Release */ = {
			isa = XCBuildConfiguration;
			buildSettings = {
				ALWAYS_EMBED_SWIFT_STANDARD_LIBRARIES = YES;
				CODE_SIGN_STYLE = Automatic;
				INFOPLIST_FILE = MatchingAppUITests/Info.plist;
				LD_RUNPATH_SEARCH_PATHS = (
					"$(inherited)",
					"@executable_path/Frameworks",
					"@loader_path/Frameworks",
				);
				PRODUCT_BUNDLE_IDENTIFIER = kaishi.MatchingAppUITests;
				PRODUCT_NAME = "$(TARGET_NAME)";
				SWIFT_VERSION = 5.0;
				TARGETED_DEVICE_FAMILY = "1,2";
				TEST_TARGET_NAME = MatchingApp;
			};
			name = Release;
		};
/* End XCBuildConfiguration section */

/* Begin XCConfigurationList section */
		3425AD9626BD69B400881831 /* Build configuration list for PBXProject "MatchingApp" */ = {
			isa = XCConfigurationList;
			buildConfigurations = (
				3425ADC326BD69B800881831 /* Debug */,
				3425ADC426BD69B800881831 /* Release */,
			);
			defaultConfigurationIsVisible = 0;
			defaultConfigurationName = Release;
		};
		3425ADC526BD69B800881831 /* Build configuration list for PBXNativeTarget "MatchingApp" */ = {
			isa = XCConfigurationList;
			buildConfigurations = (
				3425ADC626BD69B800881831 /* Debug */,
				3425ADC726BD69B800881831 /* Release */,
			);
			defaultConfigurationIsVisible = 0;
			defaultConfigurationName = Release;
		};
		3425ADC826BD69B800881831 /* Build configuration list for PBXNativeTarget "MatchingAppTests" */ = {
			isa = XCConfigurationList;
			buildConfigurations = (
				3425ADC926BD69B800881831 /* Debug */,
				3425ADCA26BD69B800881831 /* Release */,
			);
			defaultConfigurationIsVisible = 0;
			defaultConfigurationName = Release;
		};
		3425ADCB26BD69B800881831 /* Build configuration list for PBXNativeTarget "MatchingAppUITests" */ = {
			isa = XCConfigurationList;
			buildConfigurations = (
				3425ADCC26BD69B800881831 /* Debug */,
				3425ADCD26BD69B800881831 /* Release */,
			);
			defaultConfigurationIsVisible = 0;
			defaultConfigurationName = Release;
		};
/* End XCConfigurationList section */

/* Begin XCRemoteSwiftPackageReference section */
		34561E9D26BF5D690000B9B7 /* XCRemoteSwiftPackageReference "RxSwift" */ = {
			isa = XCRemoteSwiftPackageReference;
			repositoryURL = "https://github.com/ReactiveX/RxSwift";
			requirement = {
				kind = upToNextMajorVersion;
				minimumVersion = 6.2.0;
			};
		};
/* End XCRemoteSwiftPackageReference section */

/* Begin XCSwiftPackageProductDependency section */
		34561E9E26BF5D690000B9B7 /* RxSwift */ = {
			isa = XCSwiftPackageProductDependency;
			package = 34561E9D26BF5D690000B9B7 /* XCRemoteSwiftPackageReference "RxSwift" */;
			productName = RxSwift;
		};
		34561EA026BF5D690000B9B7 /* RxCocoa */ = {
			isa = XCSwiftPackageProductDependency;
			package = 34561E9D26BF5D690000B9B7 /* XCRemoteSwiftPackageReference "RxSwift" */;
			productName = RxCocoa;
		};
		34561EA226BF5D690000B9B7 /* RxRelay */ = {
			isa = XCSwiftPackageProductDependency;
			package = 34561E9D26BF5D690000B9B7 /* XCRemoteSwiftPackageReference "RxSwift" */;
			productName = RxRelay;
		};
/* End XCSwiftPackageProductDependency section */
	};
	rootObject = 3425AD9326BD69B400881831 /* Project object */;
}
